// !$*UTF8*$!
{
	archiveVersion = 1;
	classes = {
	};
	objectVersion = 46;
	objects = {

/* Begin PBXBuildFile section */
		839915091E753A0A0082B8D7 /* remote_io.m in Sources */ = {isa = PBXBuildFile; fileRef = 839915081E753A0A0082B8D7 /* remote_io.m */; };
		8399150A1E753A0A0082B8D7 /* remote_io.h in CopyFiles */ = {isa = PBXBuildFile; fileRef = 839915071E753A0A0082B8D7 /* remote_io.h */; };
/* End PBXBuildFile section */

/* Begin PBXCopyFilesBuildPhase section */
		839915021E753A0A0082B8D7 /* CopyFiles */ = {
			isa = PBXCopyFilesBuildPhase;
			buildActionMask = 2147483647;
			dstPath = "include/$(PRODUCT_NAME)";
			dstSubfolderSpec = 16;
			files = (
				8399150A1E753A0A0082B8D7 /* remote_io.h in CopyFiles */,
			);
			runOnlyForDeploymentPostprocessing = 0;
		};
/* End PBXCopyFilesBuildPhase section */

/* Begin PBXFileReference section */
		839915041E753A0A0082B8D7 /* libremote_io.a */ = {isa = PBXFileReference; explicitFileType = archive.ar; includeInIndex = 0; path = libremote_io.a; sourceTree = BUILT_PRODUCTS_DIR; };
		839915071E753A0A0082B8D7 /* remote_io.h */ = {isa = PBXFileReference; lastKnownFileType = sourcecode.c.h; path = remote_io.h; sourceTree = "<group>"; };
		839915081E753A0A0082B8D7 /* remote_io.m */ = {isa = PBXFileReference; lastKnownFileType = sourcecode.c.objc; path = remote_io.m; sourceTree = "<group>"; };
/* End PBXFileReference section */

/* Begin PBXFrameworksBuildPhase section */
		839915011E753A0A0082B8D7 /* Frameworks */ = {
			isa = PBXFrameworksBuildPhase;
			buildActionMask = 2147483647;
			files = (
			);
			runOnlyForDeploymentPostprocessing = 0;
		};
/* End PBXFrameworksBuildPhase section */

/* Begin PBXGroup section */
		839914FB1E753A0A0082B8D7 = {
			isa = PBXGroup;
			children = (
				839915061E753A0A0082B8D7 /* remote_io */,
				839915051E753A0A0082B8D7 /* Products */,
			);
			sourceTree = "<group>";
		};
		839915051E753A0A0082B8D7 /* Products */ = {
			isa = PBXGroup;
			children = (
				839915041E753A0A0082B8D7 /* libremote_io.a */,
			);
			name = Products;
			sourceTree = "<group>";
		};
		839915061E753A0A0082B8D7 /* remote_io */ = {
			isa = PBXGroup;
			children = (
				839915071E753A0A0082B8D7 /* remote_io.h */,
				839915081E753A0A0082B8D7 /* remote_io.m */,
			);
			path = remote_io;
			sourceTree = "<group>";
		};
/* End PBXGroup section */

/* Begin PBXNativeTarget section */
		839915031E753A0A0082B8D7 /* remote_io */ = {
			isa = PBXNativeTarget;
			buildConfigurationList = 8399150D1E753A0A0082B8D7 /* Build configuration list for PBXNativeTarget "remote_io" */;
			buildPhases = (
				839915001E753A0A0082B8D7 /* Sources */,
				839915011E753A0A0082B8D7 /* Frameworks */,
				839915021E753A0A0082B8D7 /* CopyFiles */,
			);
			buildRules = (
			);
			dependencies = (
			);
			name = remote_io;
			productName = remote_io;
			productReference = 839915041E753A0A0082B8D7 /* libremote_io.a */;
			productType = "com.apple.product-type.library.static";
		};
/* End PBXNativeTarget section */

/* Begin PBXProject section */
		839914FC1E753A0A0082B8D7 /* Project object */ = {
			isa = PBXProject;
			attributes = {
				LastUpgradeCheck = 0820;
				ORGANIZATIONNAME = "Acorn Technology";
				TargetAttributes = {
					839915031E753A0A0082B8D7 = {
						CreatedOnToolsVersion = 8.2.1;
						DevelopmentTeam = AM9NFEGUR5;
						ProvisioningStyle = Automatic;
					};
				};
			};
			buildConfigurationList = 839914FF1E753A0A0082B8D7 /* Build configuration list for PBXProject "remote_io" */;
			compatibilityVersion = "Xcode 3.2";
			developmentRegion = English;
			hasScannedForEncodings = 0;
			knownRegions = (
				en,
			);
			mainGroup = 839914FB1E753A0A0082B8D7;
			productRefGroup = 839915051E753A0A0082B8D7 /* Products */;
			projectDirPath = "";
			projectRoot = "";
			targets = (
				839915031E753A0A0082B8D7 /* remote_io */,
			);
		};
/* End PBXProject section */

/* Begin PBXSourcesBuildPhase section */
		839915001E753A0A0082B8D7 /* Sources */ = {
			isa = PBXSourcesBuildPhase;
			buildActionMask = 2147483647;
			files = (
				839915091E753A0A0082B8D7 /* remote_io.m in Sources */,
			);
			runOnlyForDeploymentPostprocessing = 0;
		};
/* End PBXSourcesBuildPhase section */

/* Begin XCBuildConfiguration section */
		8399150B1E753A0A0082B8D7 /* Debug */ = {
			isa = XCBuildConfiguration;
			buildSettings = {
				ALWAYS_SEARCH_USER_PATHS = NO;
				CLANG_ANALYZER_NONNULL = YES;
				CLANG_CXX_LANGUAGE_STANDARD = "gnu++0x";
				CLANG_CXX_LIBRARY = "libc++";
				CLANG_ENABLE_MODULES = YES;
				CLANG_ENABLE_OBJC_ARC = YES;
				CLANG_WARN_BOOL_CONVERSION = YES;
				CLANG_WARN_CONSTANT_CONVERSION = YES;
				CLANG_WARN_DIRECT_OBJC_ISA_USAGE = YES_ERROR;
				CLANG_WARN_DOCUMENTATION_COMMENTS = YES;
				CLANG_WARN_EMPTY_BODY = YES;
				CLANG_WARN_ENUM_CONVERSION = YES;
				CLANG_WARN_INFINITE_RECURSION = YES;
				CLANG_WARN_INT_CONVERSION = YES;
				CLANG_WARN_OBJC_ROOT_CLASS = YES_ERROR;
				CLANG_WARN_SUSPICIOUS_MOVE = YES;
				CLANG_WARN_UNREACHABLE_CODE = YES;
				CLANG_WARN__DUPLICATE_METHOD_MATCH = YES;
				"CODE_SIGN_IDENTITY[sdk=iphoneos*]" = "iPhone Developer";
				COPY_PHASE_STRIP = NO;
				DEBUG_INFORMATION_FORMAT = dwarf;
				ENABLE_STRICT_OBJC_MSGSEND = YES;
				ENABLE_TESTABILITY = YES;
				GCC_C_LANGUAGE_STANDARD = gnu99;
				GCC_DYNAMIC_NO_PIC = NO;
				GCC_NO_COMMON_BLOCKS = YES;
				GCC_OPTIMIZATION_LEVEL = 0;
				GCC_PREPROCESSOR_DEFINITIONS = (
					"DEBUG=1",
					"$(inherited)",
				);
				GCC_WARN_64_TO_32_BIT_CONVERSION = YES;
				GCC_WARN_ABOUT_RETURN_TYPE = YES_ERROR;
				GCC_WARN_UNDECLARED_SELECTOR = YES;
				GCC_WARN_UNINITIALIZED_AUTOS = YES_AGGRESSIVE;
				GCC_WARN_UNUSED_FUNCTION = YES;
				GCC_WARN_UNUSED_VARIABLE = YES;
				IPHONEOS_DEPLOYMENT_TARGET = 10.2;
				MTL_ENABLE_DEBUG_INFO = YES;
				ONLY_ACTIVE_ARCH = YES;
				SDKROOT = iphoneos;
			};
			name = Debug;
		};
		8399150C1E753A0A0082B8D7 /* Release */ = {
			isa = XCBuildConfiguration;
			buildSettings = {
				ALWAYS_SEARCH_USER_PATHS = NO;
				CLANG_ANALYZER_NONNULL = YES;
				CLANG_CXX_LANGUAGE_STANDARD = "gnu++0x";
				CLANG_CXX_LIBRARY = "libc++";
				CLANG_ENABLE_MODULES = YES;
				CLANG_ENABLE_OBJC_ARC = YES;
				CLANG_WARN_BOOL_CONVERSION = YES;
				CLANG_WARN_CONSTANT_CONVERSION = YES;
				CLANG_WARN_DIRECT_OBJC_ISA_USAGE = YES_ERROR;
				CLANG_WARN_DOCUMENTATION_COMMENTS = YES;
				CLANG_WARN_EMPTY_BODY = YES;
				CLANG_WARN_ENUM_CONVERSION = YES;
				CLANG_WARN_INFINITE_RECURSION = YES;
				CLANG_WARN_INT_CONVERSION = YES;
				CLANG_WARN_OBJC_ROOT_CLASS = YES_ERROR;
				CLANG_WARN_SUSPICIOUS_MOVE = YES;
				CLANG_WARN_UNREACHABLE_CODE = YES;
				CLANG_WARN__DUPLICATE_METHOD_MATCH = YES;
				"CODE_SIGN_IDENTITY[sdk=iphoneos*]" = "iPhone Developer";
				COPY_PHASE_STRIP = NO;
				DEBUG_INFORMATION_FORMAT = "dwarf-with-dsym";
				ENABLE_NS_ASSERTIONS = NO;
				ENABLE_STRICT_OBJC_MSGSEND = YES;
				GCC_C_LANGUAGE_STANDARD = gnu99;
				GCC_NO_COMMON_BLOCKS = YES;
				GCC_WARN_64_TO_32_BIT_CONVERSION = YES;
				GCC_WARN_ABOUT_RETURN_TYPE = YES_ERROR;
				GCC_WARN_UNDECLARED_SELECTOR = YES;
				GCC_WARN_UNINITIALIZED_AUTOS = YES_AGGRESSIVE;
				GCC_WARN_UNUSED_FUNCTION = YES;
				GCC_WARN_UNUSED_VARIABLE = YES;
				IPHONEOS_DEPLOYMENT_TARGET = 10.2;
				MTL_ENABLE_DEBUG_INFO = NO;
				SDKROOT = iphoneos;
				VALIDATE_PRODUCT = YES;
			};
			name = Release;
		};
		8399150E1E753A0A0082B8D7 /* Debug */ = {
			isa = XCBuildConfiguration;
			buildSettings = {
				DEVELOPMENT_TEAM = AM9NFEGUR5;
				OTHER_LDFLAGS = "-ObjC";
				PRODUCT_NAME = "$(TARGET_NAME)";
				SKIP_INSTALL = YES;
			};
			name = Debug;
		};
		8399150F1E753A0A0082B8D7 /* Release */ = {
			isa = XCBuildConfiguration;
			buildSettings = {
				DEVELOPMENT_TEAM = AM9NFEGUR5;
				OTHER_LDFLAGS = "-ObjC";
				PRODUCT_NAME = "$(TARGET_NAME)";
				SKIP_INSTALL = YES;
			};
			name = Release;
		};
/* End XCBuildConfiguration section */

/* Begin XCConfigurationList section */
		839914FF1E753A0A0082B8D7 /* Build configuration list for PBXProject "remote_io" */ = {
			isa = XCConfigurationList;
			buildConfigurations = (
				8399150B1E753A0A0082B8D7 /* Debug */,
				8399150C1E753A0A0082B8D7 /* Release */,
			);
			defaultConfigurationIsVisible = 0;
			defaultConfigurationName = Release;
		};
		8399150D1E753A0A0082B8D7 /* Build configuration list for PBXNativeTarget "remote_io" */ = {
			isa = XCConfigurationList;
			buildConfigurations = (
				8399150E1E753A0A0082B8D7 /* Debug */,
				8399150F1E753A0A0082B8D7 /* Release */,
			);
			defaultConfigurationIsVisible = 0;
		};
/* End XCConfigurationList section */
	};
	rootObject = 839914FC1E753A0A0082B8D7 /* Project object */;
}
